
Microsoft Visual Studio Solution File, Format Version 12.00
# Visual Studio Version 17
VisualStudioVersion = 17.0.32126.317
MinimumVisualStudioVersion = 10.0.40219.1
Project("{8BC9CEB8-8B4A-11D0-8D11-00A0C91BC942}") = "ObjektinisProgrm", "ObjektinisProgrm.vcxproj", "{4B566BBF-6081-4535-876F-E67420499E22}"
EndProject
Global
	GlobalSection(SolutionConfigurationPlatforms) = preSolution
		Debug|x64 = Debug|x64
		Debug|x86 = Debug|x86
		Release|x64 = Release|x64
		Release|x86 = Release|x86
	EndGlobalSection
	GlobalSection(ProjectConfigurationPlatforms) = postSolution
		{4B566BBF-6081-4535-876F-E67420499E22}.Debug|x64.ActiveCfg = Debug|x64
		{4B566BBF-6081-4535-876F-E67420499E22}.Debug|x64.Build.0 = Debug|x64
		{4B566BBF-6081-4535-876F-E67420499E22}.Debug|x86.ActiveCfg = Debug|Win32
		{4B566BBF-6081-4535-876F-E67420499E22}.Debug|x86.Build.0 = Debug|Win32
		{4B566BBF-6081-4535-876F-E67420499E22}.Release|x64.ActiveCfg = Release|x64
		{4B566BBF-6081-4535-876F-E67420499E22}.Release|x64.Build.0 = Release|x64
		{4B566BBF-6081-4535-876F-E67420499E22}.Release|x86.ActiveCfg = Release|Win32
		{4B566BBF-6081-4535-876F-E67420499E22}.Release|x86.Build.0 = Release|Win32
	EndGlobalSection
	GlobalSection(SolutionProperties) = preSolution
		HideSolutionNode = FALSE
	EndGlobalSection
	GlobalSection(ExtensibilityGlobals) = postSolution
		SolutionGuid = {BE49BE0A-31EB-4F20-9B7D-B47FC1121204}
	EndGlobalSection
EndGlobal
